// !$*UTF8*$!
{
	archiveVersion = 1;
	classes = {
	};
	objectVersion = 55;
	objects = {

/* Begin PBXBuildFile section */
		68C9C7F859C4C2EA85B55E92 /* Pods_dicecloudtestTests.framework in Frameworks */ = {isa = PBXBuildFile; fileRef = 5BF7C468FB2C04CCE14499C2 /* Pods_dicecloudtestTests.framework */; };
		736662F6182FBF7E913983F4 /* Pods_dicecloudtest.framework in Frameworks */ = {isa = PBXBuildFile; fileRef = 4412434A1EB7EDD71D094AB2 /* Pods_dicecloudtest.framework */; };
		E6B32CC3A9FBF9FDDF2597B4 /* Pods_dicecloudtest_dicecloudtestUITests.framework in Frameworks */ = {isa = PBXBuildFile; fileRef = E1D29AC577F6AB099ECE4A0C /* Pods_dicecloudtest_dicecloudtestUITests.framework */; };
		FEDC426B273C794D0065E841 /* dicecloudtestApp.swift in Sources */ = {isa = PBXBuildFile; fileRef = FEDC426A273C794D0065E841 /* dicecloudtestApp.swift */; };
		FEDC426D273C794D0065E841 /* ContentView.swift in Sources */ = {isa = PBXBuildFile; fileRef = FEDC426C273C794D0065E841 /* ContentView.swift */; };
		FEDC426F273C794F0065E841 /* Assets.xcassets in Resources */ = {isa = PBXBuildFile; fileRef = FEDC426E273C794F0065E841 /* Assets.xcassets */; };
		FEDC4272273C794F0065E841 /* Preview Assets.xcassets in Resources */ = {isa = PBXBuildFile; fileRef = FEDC4271273C794F0065E841 /* Preview Assets.xcassets */; };
		FEDC427C273C794F0065E841 /* dicecloudtestTests.swift in Sources */ = {isa = PBXBuildFile; fileRef = FEDC427B273C794F0065E841 /* dicecloudtestTests.swift */; };
		FEDC4286273C794F0065E841 /* dicecloudtestUITests.swift in Sources */ = {isa = PBXBuildFile; fileRef = FEDC4285273C794F0065E841 /* dicecloudtestUITests.swift */; };
		FEDC4288273C794F0065E841 /* dicecloudtestUITestsLaunchTests.swift in Sources */ = {isa = PBXBuildFile; fileRef = FEDC4287273C794F0065E841 /* dicecloudtestUITestsLaunchTests.swift */; };
		FEDC4295273C90B60065E841 /* GoogleService-Info.plist in Resources */ = {isa = PBXBuildFile; fileRef = FEDC4294273C90B60065E841 /* GoogleService-Info.plist */; };
		FEDC4298273C94E90065E841 /* FirebaseDatabase in Frameworks */ = {isa = PBXBuildFile; productRef = FEDC4297273C94E90065E841 /* FirebaseDatabase */; };
		FEDC429A273C94E90065E841 /* FirebaseDatabaseSwift-Beta in Frameworks */ = {isa = PBXBuildFile; productRef = FEDC4299273C94E90065E841 /* FirebaseDatabaseSwift-Beta */; };
		FEDC429C273C94E90065E841 /* FirebaseFirestoreSwift-Beta in Frameworks */ = {isa = PBXBuildFile; productRef = FEDC429B273C94E90065E841 /* FirebaseFirestoreSwift-Beta */; };
		FEDC429E273C94E90065E841 /* FirebaseFunctionsCombine-Community in Frameworks */ = {isa = PBXBuildFile; productRef = FEDC429D273C94E90065E841 /* FirebaseFunctionsCombine-Community */; };
		FEDC42A0273DF0680065E841 /* UIApplicationDelegate.swift in Sources */ = {isa = PBXBuildFile; fileRef = FEDC429F273DF0680065E841 /* UIApplicationDelegate.swift */; };
/* End PBXBuildFile section */

/* Begin PBXContainerItemProxy section */
		FEDC4278273C794F0065E841 /* PBXContainerItemProxy */ = {
			isa = PBXContainerItemProxy;
			containerPortal = FEDC425F273C794D0065E841 /* Project object */;
			proxyType = 1;
			remoteGlobalIDString = FEDC4266273C794D0065E841;
			remoteInfo = dicecloudtest;
		};
		FEDC4282273C794F0065E841 /* PBXContainerItemProxy */ = {
			isa = PBXContainerItemProxy;
			containerPortal = FEDC425F273C794D0065E841 /* Project object */;
			proxyType = 1;
			remoteGlobalIDString = FEDC4266273C794D0065E841;
			remoteInfo = dicecloudtest;
		};
/* End PBXContainerItemProxy section */

/* Begin PBXFileReference section */
		125A99C896D85F8EB1C94A63 /* Pods-dicecloudtest-dicecloudtestUITests.debug.xcconfig */ = {isa = PBXFileReference; includeInIndex = 1; lastKnownFileType = text.xcconfig; name = "Pods-dicecloudtest-dicecloudtestUITests.debug.xcconfig"; path = "Target Support Files/Pods-dicecloudtest-dicecloudtestUITests/Pods-dicecloudtest-dicecloudtestUITests.debug.xcconfig"; sourceTree = "<group>"; };
		30FE793027E927DF1833C74E /* Pods-dicecloudtest-dicecloudtestUITests.release.xcconfig */ = {isa = PBXFileReference; includeInIndex = 1; lastKnownFileType = text.xcconfig; name = "Pods-dicecloudtest-dicecloudtestUITests.release.xcconfig"; path = "Target Support Files/Pods-dicecloudtest-dicecloudtestUITests/Pods-dicecloudtest-dicecloudtestUITests.release.xcconfig"; sourceTree = "<group>"; };
		3E47C82A23C3A019650507C3 /* Pods-dicecloudtestTests.debug.xcconfig */ = {isa = PBXFileReference; includeInIndex = 1; lastKnownFileType = text.xcconfig; name = "Pods-dicecloudtestTests.debug.xcconfig"; path = "Target Support Files/Pods-dicecloudtestTests/Pods-dicecloudtestTests.debug.xcconfig"; sourceTree = "<group>"; };
		4412434A1EB7EDD71D094AB2 /* Pods_dicecloudtest.framework */ = {isa = PBXFileReference; explicitFileType = wrapper.framework; includeInIndex = 0; path = Pods_dicecloudtest.framework; sourceTree = BUILT_PRODUCTS_DIR; };
		558D87BF5AF2749EDB16B8C3 /* Pods-dicecloudtestTests.release.xcconfig */ = {isa = PBXFileReference; includeInIndex = 1; lastKnownFileType = text.xcconfig; name = "Pods-dicecloudtestTests.release.xcconfig"; path = "Target Support Files/Pods-dicecloudtestTests/Pods-dicecloudtestTests.release.xcconfig"; sourceTree = "<group>"; };
		5BF7C468FB2C04CCE14499C2 /* Pods_dicecloudtestTests.framework */ = {isa = PBXFileReference; explicitFileType = wrapper.framework; includeInIndex = 0; path = Pods_dicecloudtestTests.framework; sourceTree = BUILT_PRODUCTS_DIR; };
		B4D95DB4F4FA4C0B19A996DE /* Pods-dicecloudtest.release.xcconfig */ = {isa = PBXFileReference; includeInIndex = 1; lastKnownFileType = text.xcconfig; name = "Pods-dicecloudtest.release.xcconfig"; path = "Target Support Files/Pods-dicecloudtest/Pods-dicecloudtest.release.xcconfig"; sourceTree = "<group>"; };
		B82E15BAD2FD31EEE1FE6DE5 /* Pods-dicecloudtest.debug.xcconfig */ = {isa = PBXFileReference; includeInIndex = 1; lastKnownFileType = text.xcconfig; name = "Pods-dicecloudtest.debug.xcconfig"; path = "Target Support Files/Pods-dicecloudtest/Pods-dicecloudtest.debug.xcconfig"; sourceTree = "<group>"; };
		E1D29AC577F6AB099ECE4A0C /* Pods_dicecloudtest_dicecloudtestUITests.framework */ = {isa = PBXFileReference; explicitFileType = wrapper.framework; includeInIndex = 0; path = Pods_dicecloudtest_dicecloudtestUITests.framework; sourceTree = BUILT_PRODUCTS_DIR; };
		FEDC4267273C794D0065E841 /* dicecloudtest.app */ = {isa = PBXFileReference; explicitFileType = wrapper.application; includeInIndex = 0; path = dicecloudtest.app; sourceTree = BUILT_PRODUCTS_DIR; };
		FEDC426A273C794D0065E841 /* dicecloudtestApp.swift */ = {isa = PBXFileReference; lastKnownFileType = sourcecode.swift; path = dicecloudtestApp.swift; sourceTree = "<group>"; };
		FEDC426C273C794D0065E841 /* ContentView.swift */ = {isa = PBXFileReference; lastKnownFileType = sourcecode.swift; path = ContentView.swift; sourceTree = "<group>"; };
		FEDC426E273C794F0065E841 /* Assets.xcassets */ = {isa = PBXFileReference; lastKnownFileType = folder.assetcatalog; path = Assets.xcassets; sourceTree = "<group>"; };
		FEDC4271273C794F0065E841 /* Preview Assets.xcassets */ = {isa = PBXFileReference; lastKnownFileType = folder.assetcatalog; path = "Preview Assets.xcassets"; sourceTree = "<group>"; };
		FEDC4277273C794F0065E841 /* dicecloudtestTests.xctest */ = {isa = PBXFileReference; explicitFileType = wrapper.cfbundle; includeInIndex = 0; path = dicecloudtestTests.xctest; sourceTree = BUILT_PRODUCTS_DIR; };
		FEDC427B273C794F0065E841 /* dicecloudtestTests.swift */ = {isa = PBXFileReference; lastKnownFileType = sourcecode.swift; path = dicecloudtestTests.swift; sourceTree = "<group>"; };
		FEDC4281273C794F0065E841 /* dicecloudtestUITests.xctest */ = {isa = PBXFileReference; explicitFileType = wrapper.cfbundle; includeInIndex = 0; path = dicecloudtestUITests.xctest; sourceTree = BUILT_PRODUCTS_DIR; };
		FEDC4285273C794F0065E841 /* dicecloudtestUITests.swift */ = {isa = PBXFileReference; lastKnownFileType = sourcecode.swift; path = dicecloudtestUITests.swift; sourceTree = "<group>"; };
		FEDC4287273C794F0065E841 /* dicecloudtestUITestsLaunchTests.swift */ = {isa = PBXFileReference; lastKnownFileType = sourcecode.swift; path = dicecloudtestUITestsLaunchTests.swift; sourceTree = "<group>"; };
		FEDC4294273C90B60065E841 /* GoogleService-Info.plist */ = {isa = PBXFileReference; fileEncoding = 4; lastKnownFileType = text.plist.xml; path = "GoogleService-Info.plist"; sourceTree = "<group>"; };
		FEDC429F273DF0680065E841 /* UIApplicationDelegate.swift */ = {isa = PBXFileReference; lastKnownFileType = sourcecode.swift; path = UIApplicationDelegate.swift; sourceTree = "<group>"; };
/* End PBXFileReference section */

/* Begin PBXFrameworksBuildPhase section */
		FEDC4264273C794D0065E841 /* Frameworks */ = {
			isa = PBXFrameworksBuildPhase;
			buildActionMask = 2147483647;
			files = (
				FEDC429C273C94E90065E841 /* FirebaseFirestoreSwift-Beta in Frameworks */,
				FEDC429A273C94E90065E841 /* FirebaseDatabaseSwift-Beta in Frameworks */,
				FEDC4298273C94E90065E841 /* FirebaseDatabase in Frameworks */,
				FEDC429E273C94E90065E841 /* FirebaseFunctionsCombine-Community in Frameworks */,
				736662F6182FBF7E913983F4 /* Pods_dicecloudtest.framework in Frameworks */,
			);
			runOnlyForDeploymentPostprocessing = 0;
		};
		FEDC4274273C794F0065E841 /* Frameworks */ = {
			isa = PBXFrameworksBuildPhase;
			buildActionMask = 2147483647;
			files = (
				68C9C7F859C4C2EA85B55E92 /* Pods_dicecloudtestTests.framework in Frameworks */,
			);
			runOnlyForDeploymentPostprocessing = 0;
		};
		FEDC427E273C794F0065E841 /* Frameworks */ = {
			isa = PBXFrameworksBuildPhase;
			buildActionMask = 2147483647;
			files = (
				E6B32CC3A9FBF9FDDF2597B4 /* Pods_dicecloudtest_dicecloudtestUITests.framework in Frameworks */,
			);
			runOnlyForDeploymentPostprocessing = 0;
		};
/* End PBXFrameworksBuildPhase section */

/* Begin PBXGroup section */
		078DBF775D4FA90BAB1B97C8 /* Frameworks */ = {
			isa = PBXGroup;
			children = (
				4412434A1EB7EDD71D094AB2 /* Pods_dicecloudtest.framework */,
				E1D29AC577F6AB099ECE4A0C /* Pods_dicecloudtest_dicecloudtestUITests.framework */,
				5BF7C468FB2C04CCE14499C2 /* Pods_dicecloudtestTests.framework */,
			);
			name = Frameworks;
			sourceTree = "<group>";
		};
		75204D8DE9239C9893C1EFC2 /* Pods */ = {
			isa = PBXGroup;
			children = (
				B82E15BAD2FD31EEE1FE6DE5 /* Pods-dicecloudtest.debug.xcconfig */,
				B4D95DB4F4FA4C0B19A996DE /* Pods-dicecloudtest.release.xcconfig */,
				125A99C896D85F8EB1C94A63 /* Pods-dicecloudtest-dicecloudtestUITests.debug.xcconfig */,
				30FE793027E927DF1833C74E /* Pods-dicecloudtest-dicecloudtestUITests.release.xcconfig */,
				3E47C82A23C3A019650507C3 /* Pods-dicecloudtestTests.debug.xcconfig */,
				558D87BF5AF2749EDB16B8C3 /* Pods-dicecloudtestTests.release.xcconfig */,
			);
			path = Pods;
			sourceTree = "<group>";
		};
		FEDC425E273C794D0065E841 = {
			isa = PBXGroup;
			children = (
				FEDC4269273C794D0065E841 /* dicecloudtest */,
				FEDC427A273C794F0065E841 /* dicecloudtestTests */,
				FEDC4284273C794F0065E841 /* dicecloudtestUITests */,
				FEDC4268273C794D0065E841 /* Products */,
				75204D8DE9239C9893C1EFC2 /* Pods */,
				078DBF775D4FA90BAB1B97C8 /* Frameworks */,
			);
			sourceTree = "<group>";
		};
		FEDC4268273C794D0065E841 /* Products */ = {
			isa = PBXGroup;
			children = (
				FEDC4267273C794D0065E841 /* dicecloudtest.app */,
				FEDC4277273C794F0065E841 /* dicecloudtestTests.xctest */,
				FEDC4281273C794F0065E841 /* dicecloudtestUITests.xctest */,
			);
			name = Products;
			sourceTree = "<group>";
		};
		FEDC4269273C794D0065E841 /* dicecloudtest */ = {
			isa = PBXGroup;
			children = (
				FEDC426A273C794D0065E841 /* dicecloudtestApp.swift */,
				FEDC4294273C90B60065E841 /* GoogleService-Info.plist */,
				FEDC429F273DF0680065E841 /* UIApplicationDelegate.swift */,
				FEDC426C273C794D0065E841 /* ContentView.swift */,
				FEDC426E273C794F0065E841 /* Assets.xcassets */,
				FEDC4270273C794F0065E841 /* Preview Content */,
			);
			path = dicecloudtest;
			sourceTree = "<group>";
		};
		FEDC4270273C794F0065E841 /* Preview Content */ = {
			isa = PBXGroup;
			children = (
				FEDC4271273C794F0065E841 /* Preview Assets.xcassets */,
			);
			path = "Preview Content";
			sourceTree = "<group>";
		};
		FEDC427A273C794F0065E841 /* dicecloudtestTests */ = {
			isa = PBXGroup;
			children = (
				FEDC427B273C794F0065E841 /* dicecloudtestTests.swift */,
			);
			path = dicecloudtestTests;
			sourceTree = "<group>";
		};
		FEDC4284273C794F0065E841 /* dicecloudtestUITests */ = {
			isa = PBXGroup;
			children = (
				FEDC4285273C794F0065E841 /* dicecloudtestUITests.swift */,
				FEDC4287273C794F0065E841 /* dicecloudtestUITestsLaunchTests.swift */,
			);
			path = dicecloudtestUITests;
			sourceTree = "<group>";
		};
/* End PBXGroup section */

/* Begin PBXNativeTarget section */
		FEDC4266273C794D0065E841 /* dicecloudtest */ = {
			isa = PBXNativeTarget;
			buildConfigurationList = FEDC428B273C794F0065E841 /* Build configuration list for PBXNativeTarget "dicecloudtest" */;
			buildPhases = (
				CF02A660040052DA0B237205 /* [CP] Check Pods Manifest.lock */,
				FEDC4263273C794D0065E841 /* Sources */,
				FEDC4264273C794D0065E841 /* Frameworks */,
				FEDC4265273C794D0065E841 /* Resources */,
			);
			buildRules = (
			);
			dependencies = (
			);
			name = dicecloudtest;
			packageProductDependencies = (
				FEDC4297273C94E90065E841 /* FirebaseDatabase */,
				FEDC4299273C94E90065E841 /* FirebaseDatabaseSwift-Beta */,
				FEDC429B273C94E90065E841 /* FirebaseFirestoreSwift-Beta */,
				FEDC429D273C94E90065E841 /* FirebaseFunctionsCombine-Community */,
			);
			productName = dicecloudtest;
			productReference = FEDC4267273C794D0065E841 /* dicecloudtest.app */;
			productType = "com.apple.product-type.application";
		};
		FEDC4276273C794F0065E841 /* dicecloudtestTests */ = {
			isa = PBXNativeTarget;
			buildConfigurationList = FEDC428E273C794F0065E841 /* Build configuration list for PBXNativeTarget "dicecloudtestTests" */;
			buildPhases = (
				6C62C086474346927FCF13F5 /* [CP] Check Pods Manifest.lock */,
				FEDC4273273C794F0065E841 /* Sources */,
				FEDC4274273C794F0065E841 /* Frameworks */,
				FEDC4275273C794F0065E841 /* Resources */,
			);
			buildRules = (
			);
			dependencies = (
				FEDC4279273C794F0065E841 /* PBXTargetDependency */,
			);
			name = dicecloudtestTests;
			productName = dicecloudtestTests;
			productReference = FEDC4277273C794F0065E841 /* dicecloudtestTests.xctest */;
			productType = "com.apple.product-type.bundle.unit-test";
		};
		FEDC4280273C794F0065E841 /* dicecloudtestUITests */ = {
			isa = PBXNativeTarget;
			buildConfigurationList = FEDC4291273C794F0065E841 /* Build configuration list for PBXNativeTarget "dicecloudtestUITests" */;
			buildPhases = (
				ADB056AD69CF5A33D2C8EA9A /* [CP] Check Pods Manifest.lock */,
				FEDC427D273C794F0065E841 /* Sources */,
				FEDC427E273C794F0065E841 /* Frameworks */,
				FEDC427F273C794F0065E841 /* Resources */,
			);
			buildRules = (
			);
			dependencies = (
				FEDC4283273C794F0065E841 /* PBXTargetDependency */,
			);
			name = dicecloudtestUITests;
			productName = dicecloudtestUITests;
			productReference = FEDC4281273C794F0065E841 /* dicecloudtestUITests.xctest */;
			productType = "com.apple.product-type.bundle.ui-testing";
		};
/* End PBXNativeTarget section */

/* Begin PBXProject section */
		FEDC425F273C794D0065E841 /* Project object */ = {
			isa = PBXProject;
			attributes = {
				BuildIndependentTargetsInParallel = 1;
				LastSwiftUpdateCheck = 1310;
				LastUpgradeCheck = 1310;
				TargetAttributes = {
					FEDC4266273C794D0065E841 = {
						CreatedOnToolsVersion = 13.1;
					};
					FEDC4276273C794F0065E841 = {
						CreatedOnToolsVersion = 13.1;
						TestTargetID = FEDC4266273C794D0065E841;
					};
					FEDC4280273C794F0065E841 = {
						CreatedOnToolsVersion = 13.1;
						TestTargetID = FEDC4266273C794D0065E841;
					};
				};
			};
			buildConfigurationList = FEDC4262273C794D0065E841 /* Build configuration list for PBXProject "dicecloudtest" */;
			compatibilityVersion = "Xcode 13.0";
			developmentRegion = en;
			hasScannedForEncodings = 0;
			knownRegions = (
				en,
				Base,
			);
			mainGroup = FEDC425E273C794D0065E841;
			packageReferences = (
				FEDC4296273C94E90065E841 /* XCRemoteSwiftPackageReference "firebase-ios-sdk" */,
			);
			productRefGroup = FEDC4268273C794D0065E841 /* Products */;
			projectDirPath = "";
			projectRoot = "";
			targets = (
				FEDC4266273C794D0065E841 /* dicecloudtest */,
				FEDC4276273C794F0065E841 /* dicecloudtestTests */,
				FEDC4280273C794F0065E841 /* dicecloudtestUITests */,
			);
		};
/* End PBXProject section */

/* Begin PBXResourcesBuildPhase section */
		FEDC4265273C794D0065E841 /* Resources */ = {
			isa = PBXResourcesBuildPhase;
			buildActionMask = 2147483647;
			files = (
				FEDC4272273C794F0065E841 /* Preview Assets.xcassets in Resources */,
				FEDC426F273C794F0065E841 /* Assets.xcassets in Resources */,
				FEDC4295273C90B60065E841 /* GoogleService-Info.plist in Resources */,
			);
			runOnlyForDeploymentPostprocessing = 0;
		};
		FEDC4275273C794F0065E841 /* Resources */ = {
			isa = PBXResourcesBuildPhase;
			buildActionMask = 2147483647;
			files = (
			);
			runOnlyForDeploymentPostprocessing = 0;
		};
		FEDC427F273C794F0065E841 /* Resources */ = {
			isa = PBXResourcesBuildPhase;
			buildActionMask = 2147483647;
			files = (
			);
			runOnlyForDeploymentPostprocessing = 0;
		};
/* End PBXResourcesBuildPhase section */

/* Begin PBXShellScriptBuildPhase section */
		6C62C086474346927FCF13F5 /* [CP] Check Pods Manifest.lock */ = {
			isa = PBXShellScriptBuildPhase;
			buildActionMask = 2147483647;
			files = (
			);
			inputFileListPaths = (
			);
			inputPaths = (
				"${PODS_PODFILE_DIR_PATH}/Podfile.lock",
				"${PODS_ROOT}/Manifest.lock",
			);
			name = "[CP] Check Pods Manifest.lock";
			outputFileListPaths = (
			);
			outputPaths = (
				"$(DERIVED_FILE_DIR)/Pods-dicecloudtestTests-checkManifestLockResult.txt",
			);
			runOnlyForDeploymentPostprocessing = 0;
			shellPath = /bin/sh;
			shellScript = "diff \"${PODS_PODFILE_DIR_PATH}/Podfile.lock\" \"${PODS_ROOT}/Manifest.lock\" > /dev/null\nif [ $? != 0 ] ; then\n    # print error to STDERR\n    echo \"error: The sandbox is not in sync with the Podfile.lock. Run 'pod install' or update your CocoaPods installation.\" >&2\n    exit 1\nfi\n# This output is used by Xcode 'outputs' to avoid re-running this script phase.\necho \"SUCCESS\" > \"${SCRIPT_OUTPUT_FILE_0}\"\n";
			showEnvVarsInLog = 0;
		};
		ADB056AD69CF5A33D2C8EA9A /* [CP] Check Pods Manifest.lock */ = {
			isa = PBXShellScriptBuildPhase;
			buildActionMask = 2147483647;
			files = (
			);
			inputFileListPaths = (
			);
			inputPaths = (
				"${PODS_PODFILE_DIR_PATH}/Podfile.lock",
				"${PODS_ROOT}/Manifest.lock",
			);
			name = "[CP] Check Pods Manifest.lock";
			outputFileListPaths = (
			);
			outputPaths = (
				"$(DERIVED_FILE_DIR)/Pods-dicecloudtest-dicecloudtestUITests-checkManifestLockResult.txt",
			);
			runOnlyForDeploymentPostprocessing = 0;
			shellPath = /bin/sh;
			shellScript = "diff \"${PODS_PODFILE_DIR_PATH}/Podfile.lock\" \"${PODS_ROOT}/Manifest.lock\" > /dev/null\nif [ $? != 0 ] ; then\n    # print error to STDERR\n    echo \"error: The sandbox is not in sync with the Podfile.lock. Run 'pod install' or update your CocoaPods installation.\" >&2\n    exit 1\nfi\n# This output is used by Xcode 'outputs' to avoid re-running this script phase.\necho \"SUCCESS\" > \"${SCRIPT_OUTPUT_FILE_0}\"\n";
			showEnvVarsInLog = 0;
		};
		CF02A660040052DA0B237205 /* [CP] Check Pods Manifest.lock */ = {
			isa = PBXShellScriptBuildPhase;
			buildActionMask = 2147483647;
			files = (
			);
			inputFileListPaths = (
			);
			inputPaths = (
				"${PODS_PODFILE_DIR_PATH}/Podfile.lock",
				"${PODS_ROOT}/Manifest.lock",
			);
			name = "[CP] Check Pods Manifest.lock";
			outputFileListPaths = (
			);
			outputPaths = (
				"$(DERIVED_FILE_DIR)/Pods-dicecloudtest-checkManifestLockResult.txt",
			);
			runOnlyForDeploymentPostprocessing = 0;
			shellPath = /bin/sh;
			shellScript = "diff \"${PODS_PODFILE_DIR_PATH}/Podfile.lock\" \"${PODS_ROOT}/Manifest.lock\" > /dev/null\nif [ $? != 0 ] ; then\n    # print error to STDERR\n    echo \"error: The sandbox is not in sync with the Podfile.lock. Run 'pod install' or update your CocoaPods installation.\" >&2\n    exit 1\nfi\n# This output is used by Xcode 'outputs' to avoid re-running this script phase.\necho \"SUCCESS\" > \"${SCRIPT_OUTPUT_FILE_0}\"\n";
			showEnvVarsInLog = 0;
		};
/* End PBXShellScriptBuildPhase section */

/* Begin PBXSourcesBuildPhase section */
		FEDC4263273C794D0065E841 /* Sources */ = {
			isa = PBXSourcesBuildPhase;
			buildActionMask = 2147483647;
			files = (
				FEDC426D273C794D0065E841 /* ContentView.swift in Sources */,
				FEDC426B273C794D0065E841 /* dicecloudtestApp.swift in Sources */,
				FEDC42A0273DF0680065E841 /* UIApplicationDelegate.swift in Sources */,
			);
			runOnlyForDeploymentPostprocessing = 0;
		};
		FEDC4273273C794F0065E841 /* Sources */ = {
			isa = PBXSourcesBuildPhase;
			buildActionMask = 2147483647;
			files = (
				FEDC427C273C794F0065E841 /* dicecloudtestTests.swift in Sources */,
			);
			runOnlyForDeploymentPostprocessing = 0;
		};
		FEDC427D273C794F0065E841 /* Sources */ = {
			isa = PBXSourcesBuildPhase;
			buildActionMask = 2147483647;
			files = (
				FEDC4286273C794F0065E841 /* dicecloudtestUITests.swift in Sources */,
				FEDC4288273C794F0065E841 /* dicecloudtestUITestsLaunchTests.swift in Sources */,
			);
			runOnlyForDeploymentPostprocessing = 0;
		};
/* End PBXSourcesBuildPhase section */

/* Begin PBXTargetDependency section */
		FEDC4279273C794F0065E841 /* PBXTargetDependency */ = {
			isa = PBXTargetDependency;
			target = FEDC4266273C794D0065E841 /* dicecloudtest */;
			targetProxy = FEDC4278273C794F0065E841 /* PBXContainerItemProxy */;
		};
		FEDC4283273C794F0065E841 /* PBXTargetDependency */ = {
			isa = PBXTargetDependency;
			target = FEDC4266273C794D0065E841 /* dicecloudtest */;
			targetProxy = FEDC4282273C794F0065E841 /* PBXContainerItemProxy */;
		};
/* End PBXTargetDependency section */

/* Begin XCBuildConfiguration section */
		FEDC4289273C794F0065E841 /* Debug */ = {
			isa = XCBuildConfiguration;
			buildSettings = {
				ALWAYS_SEARCH_USER_PATHS = NO;
				CLANG_ANALYZER_NONNULL = YES;
				CLANG_ANALYZER_NUMBER_OBJECT_CONVERSION = YES_AGGRESSIVE;
				CLANG_CXX_LANGUAGE_STANDARD = "gnu++17";
				CLANG_CXX_LIBRARY = "libc++";
				CLANG_ENABLE_MODULES = YES;
				CLANG_ENABLE_OBJC_ARC = YES;
				CLANG_ENABLE_OBJC_WEAK = YES;
				CLANG_WARN_BLOCK_CAPTURE_AUTORELEASING = YES;
				CLANG_WARN_BOOL_CONVERSION = YES;
				CLANG_WARN_COMMA = YES;
				CLANG_WARN_CONSTANT_CONVERSION = YES;
				CLANG_WARN_DEPRECATED_OBJC_IMPLEMENTATIONS = YES;
				CLANG_WARN_DIRECT_OBJC_ISA_USAGE = YES_ERROR;
				CLANG_WARN_DOCUMENTATION_COMMENTS = YES;
				CLANG_WARN_EMPTY_BODY = YES;
				CLANG_WARN_ENUM_CONVERSION = YES;
				CLANG_WARN_INFINITE_RECURSION = YES;
				CLANG_WARN_INT_CONVERSION = YES;
				CLANG_WARN_NON_LITERAL_NULL_CONVERSION = YES;
				CLANG_WARN_OBJC_IMPLICIT_RETAIN_SELF = YES;
				CLANG_WARN_OBJC_LITERAL_CONVERSION = YES;
				CLANG_WARN_OBJC_ROOT_CLASS = YES_ERROR;
				CLANG_WARN_QUOTED_INCLUDE_IN_FRAMEWORK_HEADER = YES;
				CLANG_WARN_RANGE_LOOP_ANALYSIS = YES;
				CLANG_WARN_STRICT_PROTOTYPES = YES;
				CLANG_WARN_SUSPICIOUS_MOVE = YES;
				CLANG_WARN_UNGUARDED_AVAILABILITY = YES_AGGRESSIVE;
				CLANG_WARN_UNREACHABLE_CODE = YES;
				CLANG_WARN__DUPLICATE_METHOD_MATCH = YES;
				COPY_PHASE_STRIP = NO;
				DEBUG_INFORMATION_FORMAT = dwarf;
				ENABLE_STRICT_OBJC_MSGSEND = YES;
				ENABLE_TESTABILITY = YES;
				GCC_C_LANGUAGE_STANDARD = gnu11;
				GCC_DYNAMIC_NO_PIC = NO;
				GCC_NO_COMMON_BLOCKS = YES;
				GCC_OPTIMIZATION_LEVEL = 0;
				GCC_PREPROCESSOR_DEFINITIONS = (
					"DEBUG=1",
					"$(inherited)",
				);
				GCC_WARN_64_TO_32_BIT_CONVERSION = YES;
				GCC_WARN_ABOUT_RETURN_TYPE = YES_ERROR;
				GCC_WARN_UNDECLARED_SELECTOR = YES;
				GCC_WARN_UNINITIALIZED_AUTOS = YES_AGGRESSIVE;
				GCC_WARN_UNUSED_FUNCTION = YES;
				GCC_WARN_UNUSED_VARIABLE = YES;
				IPHONEOS_DEPLOYMENT_TARGET = 15.0;
				MTL_ENABLE_DEBUG_INFO = INCLUDE_SOURCE;
				MTL_FAST_MATH = YES;
				ONLY_ACTIVE_ARCH = YES;
				SDKROOT = iphoneos;
				SWIFT_ACTIVE_COMPILATION_CONDITIONS = DEBUG;
				SWIFT_OPTIMIZATION_LEVEL = "-Onone";
			};
			name = Debug;
		};
		FEDC428A273C794F0065E841 /* Release */ = {
			isa = XCBuildConfiguration;
			buildSettings = {
				ALWAYS_SEARCH_USER_PATHS = NO;
				CLANG_ANALYZER_NONNULL = YES;
				CLANG_ANALYZER_NUMBER_OBJECT_CONVERSION = YES_AGGRESSIVE;
				CLANG_CXX_LANGUAGE_STANDARD = "gnu++17";
				CLANG_CXX_LIBRARY = "libc++";
				CLANG_ENABLE_MODULES = YES;
				CLANG_ENABLE_OBJC_ARC = YES;
				CLANG_ENABLE_OBJC_WEAK = YES;
				CLANG_WARN_BLOCK_CAPTURE_AUTORELEASING = YES;
				CLANG_WARN_BOOL_CONVERSION = YES;
				CLANG_WARN_COMMA = YES;
				CLANG_WARN_CONSTANT_CONVERSION = YES;
				CLANG_WARN_DEPRECATED_OBJC_IMPLEMENTATIONS = YES;
				CLANG_WARN_DIRECT_OBJC_ISA_USAGE = YES_ERROR;
				CLANG_WARN_DOCUMENTATION_COMMENTS = YES;
				CLANG_WARN_EMPTY_BODY = YES;
				CLANG_WARN_ENUM_CONVERSION = YES;
				CLANG_WARN_INFINITE_RECURSION = YES;
				CLANG_WARN_INT_CONVERSION = YES;
				CLANG_WARN_NON_LITERAL_NULL_CONVERSION = YES;
				CLANG_WARN_OBJC_IMPLICIT_RETAIN_SELF = YES;
				CLANG_WARN_OBJC_LITERAL_CONVERSION = YES;
				CLANG_WARN_OBJC_ROOT_CLASS = YES_ERROR;
				CLANG_WARN_QUOTED_INCLUDE_IN_FRAMEWORK_HEADER = YES;
				CLANG_WARN_RANGE_LOOP_ANALYSIS = YES;
				CLANG_WARN_STRICT_PROTOTYPES = YES;
				CLANG_WARN_SUSPICIOUS_MOVE = YES;
				CLANG_WARN_UNGUARDED_AVAILABILITY = YES_AGGRESSIVE;
				CLANG_WARN_UNREACHABLE_CODE = YES;
				CLANG_WARN__DUPLICATE_METHOD_MATCH = YES;
				COPY_PHASE_STRIP = NO;
				DEBUG_INFORMATION_FORMAT = "dwarf-with-dsym";
				ENABLE_NS_ASSERTIONS = NO;
				ENABLE_STRICT_OBJC_MSGSEND = YES;
				GCC_C_LANGUAGE_STANDARD = gnu11;
				GCC_NO_COMMON_BLOCKS = YES;
				GCC_WARN_64_TO_32_BIT_CONVERSION = YES;
				GCC_WARN_ABOUT_RETURN_TYPE = YES_ERROR;
				GCC_WARN_UNDECLARED_SELECTOR = YES;
				GCC_WARN_UNINITIALIZED_AUTOS = YES_AGGRESSIVE;
				GCC_WARN_UNUSED_FUNCTION = YES;
				GCC_WARN_UNUSED_VARIABLE = YES;
				IPHONEOS_DEPLOYMENT_TARGET = 15.0;
				MTL_ENABLE_DEBUG_INFO = NO;
				MTL_FAST_MATH = YES;
				SDKROOT = iphoneos;
				SWIFT_COMPILATION_MODE = wholemodule;
				SWIFT_OPTIMIZATION_LEVEL = "-O";
				VALIDATE_PRODUCT = YES;
			};
			name = Release;
		};
		FEDC428C273C794F0065E841 /* Debug */ = {
			isa = XCBuildConfiguration;
			baseConfigurationReference = B82E15BAD2FD31EEE1FE6DE5 /* Pods-dicecloudtest.debug.xcconfig */;
			buildSettings = {
				ASSETCATALOG_COMPILER_APPICON_NAME = AppIcon;
				ASSETCATALOG_COMPILER_GLOBAL_ACCENT_COLOR_NAME = AccentColor;
				CODE_SIGN_STYLE = Automatic;
				CURRENT_PROJECT_VERSION = 1;
				DEVELOPMENT_ASSET_PATHS = "\"dicecloudtest/Preview Content\"";
				ENABLE_PREVIEWS = YES;
				GENERATE_INFOPLIST_FILE = YES;
				INFOPLIST_KEY_UIApplicationSceneManifest_Generation = YES;
				INFOPLIST_KEY_UIApplicationSupportsIndirectInputEvents = YES;
				INFOPLIST_KEY_UILaunchScreen_Generation = YES;
				INFOPLIST_KEY_UISupportedInterfaceOrientations_iPad = "UIInterfaceOrientationPortrait UIInterfaceOrientationPortraitUpsideDown UIInterfaceOrientationLandscapeLeft UIInterfaceOrientationLandscapeRight";
				INFOPLIST_KEY_UISupportedInterfaceOrientations_iPhone = "UIInterfaceOrientationPortrait UIInterfaceOrientationLandscapeLeft UIInterfaceOrientationLandscapeRight";
				LD_RUNPATH_SEARCH_PATHS = (
					"$(inherited)",
					"@executable_path/Frameworks",
				);
				MARKETING_VERSION = 1.0;
				PRODUCT_BUNDLE_IDENTIFIER = tucker.dicecloudtest;
				PRODUCT_NAME = "$(TARGET_NAME)";
				SWIFT_EMIT_LOC_STRINGS = YES;
				SWIFT_VERSION = 5.0;
				TARGETED_DEVICE_FAMILY = "1,2";
			};
			name = Debug;
		};
		FEDC428D273C794F0065E841 /* Release */ = {
			isa = XCBuildConfiguration;
			baseConfigurationReference = B4D95DB4F4FA4C0B19A996DE /* Pods-dicecloudtest.release.xcconfig */;
			buildSettings = {
				ASSETCATALOG_COMPILER_APPICON_NAME = AppIcon;
				ASSETCATALOG_COMPILER_GLOBAL_ACCENT_COLOR_NAME = AccentColor;
				CODE_SIGN_STYLE = Automatic;
				CURRENT_PROJECT_VERSION = 1;
				DEVELOPMENT_ASSET_PATHS = "\"dicecloudtest/Preview Content\"";
				ENABLE_PREVIEWS = YES;
				GENERATE_INFOPLIST_FILE = YES;
				INFOPLIST_KEY_UIApplicationSceneManifest_Generation = YES;
				INFOPLIST_KEY_UIApplicationSupportsIndirectInputEvents = YES;
				INFOPLIST_KEY_UILaunchScreen_Generation = YES;
				INFOPLIST_KEY_UISupportedInterfaceOrientations_iPad = "UIInterfaceOrientationPortrait UIInterfaceOrientationPortraitUpsideDown UIInterfaceOrientationLandscapeLeft UIInterfaceOrientationLandscapeRight";
				INFOPLIST_KEY_UISupportedInterfaceOrientations_iPhone = "UIInterfaceOrientationPortrait UIInterfaceOrientationLandscapeLeft UIInterfaceOrientationLandscapeRight";
				LD_RUNPATH_SEARCH_PATHS = (
					"$(inherited)",
					"@executable_path/Frameworks",
				);
				MARKETING_VERSION = 1.0;
				PRODUCT_BUNDLE_IDENTIFIER = tucker.dicecloudtest;
				PRODUCT_NAME = "$(TARGET_NAME)";
				SWIFT_EMIT_LOC_STRINGS = YES;
				SWIFT_VERSION = 5.0;
				TARGETED_DEVICE_FAMILY = "1,2";
			};
			name = Release;
		};
		FEDC428F273C794F0065E841 /* Debug */ = {
			isa = XCBuildConfiguration;
			baseConfigurationReference = 3E47C82A23C3A019650507C3 /* Pods-dicecloudtestTests.debug.xcconfig */;
			buildSettings = {
				ALWAYS_EMBED_SWIFT_STANDARD_LIBRARIES = YES;
				BUNDLE_LOADER = "$(TEST_HOST)";
				CODE_SIGN_STYLE = Automatic;
				CURRENT_PROJECT_VERSION = 1;
				GENERATE_INFOPLIST_FILE = YES;
				IPHONEOS_DEPLOYMENT_TARGET = 15.0;
				LD_RUNPATH_SEARCH_PATHS = (
					"$(inherited)",
					"@executable_path/Frameworks",
					"@loader_path/Frameworks",
				);
				MARKETING_VERSION = 1.0;
				PRODUCT_BUNDLE_IDENTIFIER = tucker.dicecloudtestTests;
				PRODUCT_NAME = "$(TARGET_NAME)";
				SWIFT_EMIT_LOC_STRINGS = NO;
				SWIFT_VERSION = 5.0;
				TARGETED_DEVICE_FAMILY = "1,2";
				TEST_HOST = "$(BUILT_PRODUCTS_DIR)/dicecloudtest.app/dicecloudtest";
			};
			name = Debug;
		};
		FEDC4290273C794F0065E841 /* Release */ = {
			isa = XCBuildConfiguration;
			baseConfigurationReference = 558D87BF5AF2749EDB16B8C3 /* Pods-dicecloudtestTests.release.xcconfig */;
			buildSettings = {
				ALWAYS_EMBED_SWIFT_STANDARD_LIBRARIES = YES;
				BUNDLE_LOADER = "$(TEST_HOST)";
				CODE_SIGN_STYLE = Automatic;
				CURRENT_PROJECT_VERSION = 1;
				GENERATE_INFOPLIST_FILE = YES;
				IPHONEOS_DEPLOYMENT_TARGET = 15.0;
				LD_RUNPATH_SEARCH_PATHS = (
					"$(inherited)",
					"@executable_path/Frameworks",
					"@loader_path/Frameworks",
				);
				MARKETING_VERSION = 1.0;
				PRODUCT_BUNDLE_IDENTIFIER = tucker.dicecloudtestTests;
				PRODUCT_NAME = "$(TARGET_NAME)";
				SWIFT_EMIT_LOC_STRINGS = NO;
				SWIFT_VERSION = 5.0;
				TARGETED_DEVICE_FAMILY = "1,2";
				TEST_HOST = "$(BUILT_PRODUCTS_DIR)/dicecloudtest.app/dicecloudtest";
			};
			name = Release;
		};
		FEDC4292273C794F0065E841 /* Debug */ = {
			isa = XCBuildConfiguration;
			baseConfigurationReference = 125A99C896D85F8EB1C94A63 /* Pods-dicecloudtest-dicecloudtestUITests.debug.xcconfig */;
			buildSettings = {
				ALWAYS_EMBED_SWIFT_STANDARD_LIBRARIES = YES;
				CODE_SIGN_STYLE = Automatic;
				CURRENT_PROJECT_VERSION = 1;
				GENERATE_INFOPLIST_FILE = YES;
				LD_RUNPATH_SEARCH_PATHS = (
					"$(inherited)",
					"@executable_path/Frameworks",
					"@loader_path/Frameworks",
				);
				MARKETING_VERSION = 1.0;
				PRODUCT_BUNDLE_IDENTIFIER = tucker.dicecloudtestUITests;
				PRODUCT_NAME = "$(TARGET_NAME)";
				SWIFT_EMIT_LOC_STRINGS = NO;
				SWIFT_VERSION = 5.0;
				TARGETED_DEVICE_FAMILY = "1,2";
				TEST_TARGET_NAME = dicecloudtest;
			};
			name = Debug;
		};
		FEDC4293273C794F0065E841 /* Release */ = {
			isa = XCBuildConfiguration;
			baseConfigurationReference = 30FE793027E927DF1833C74E /* Pods-dicecloudtest-dicecloudtestUITests.release.xcconfig */;
			buildSettings = {
				ALWAYS_EMBED_SWIFT_STANDARD_LIBRARIES = YES;
				CODE_SIGN_STYLE = Automatic;
				CURRENT_PROJECT_VERSION = 1;
				GENERATE_INFOPLIST_FILE = YES;
				LD_RUNPATH_SEARCH_PATHS = (
					"$(inherited)",
					"@executable_path/Frameworks",
					"@loader_path/Frameworks",
				);
				MARKETING_VERSION = 1.0;
				PRODUCT_BUNDLE_IDENTIFIER = tucker.dicecloudtestUITests;
				PRODUCT_NAME = "$(TARGET_NAME)";
				SWIFT_EMIT_LOC_STRINGS = NO;
				SWIFT_VERSION = 5.0;
				TARGETED_DEVICE_FAMILY = "1,2";
				TEST_TARGET_NAME = dicecloudtest;
			};
			name = Release;
		};
/* End XCBuildConfiguration section */

/* Begin XCConfigurationList section */
		FEDC4262273C794D0065E841 /* Build configuration list for PBXProject "dicecloudtest" */ = {
			isa = XCConfigurationList;
			buildConfigurations = (
				FEDC4289273C794F0065E841 /* Debug */,
				FEDC428A273C794F0065E841 /* Release */,
			);
			defaultConfigurationIsVisible = 0;
			defaultConfigurationName = Release;
		};
		FEDC428B273C794F0065E841 /* Build configuration list for PBXNativeTarget "dicecloudtest" */ = {
			isa = XCConfigurationList;
			buildConfigurations = (
				FEDC428C273C794F0065E841 /* Debug */,
				FEDC428D273C794F0065E841 /* Release */,
			);
			defaultConfigurationIsVisible = 0;
			defaultConfigurationName = Release;
		};
		FEDC428E273C794F0065E841 /* Build configuration list for PBXNativeTarget "dicecloudtestTests" */ = {
			isa = XCConfigurationList;
			buildConfigurations = (
				FEDC428F273C794F0065E841 /* Debug */,
				FEDC4290273C794F0065E841 /* Release */,
			);
			defaultConfigurationIsVisible = 0;
			defaultConfigurationName = Release;
		};
		FEDC4291273C794F0065E841 /* Build configuration list for PBXNativeTarget "dicecloudtestUITests" */ = {
			isa = XCConfigurationList;
			buildConfigurations = (
				FEDC4292273C794F0065E841 /* Debug */,
				FEDC4293273C794F0065E841 /* Release */,
			);
			defaultConfigurationIsVisible = 0;
			defaultConfigurationName = Release;
		};
/* End XCConfigurationList section */

/* Begin XCRemoteSwiftPackageReference section */
		FEDC4296273C94E90065E841 /* XCRemoteSwiftPackageReference "firebase-ios-sdk" */ = {
			isa = XCRemoteSwiftPackageReference;
			repositoryURL = "https://github.com/firebase/firebase-ios-sdk.git";
			requirement = {
				kind = upToNextMajorVersion;
				minimumVersion = 8.0.0;
			};
		};
/* End XCRemoteSwiftPackageReference section */

/* Begin XCSwiftPackageProductDependency section */
		FEDC4297273C94E90065E841 /* FirebaseDatabase */ = {
			isa = XCSwiftPackageProductDependency;
			package = FEDC4296273C94E90065E841 /* XCRemoteSwiftPackageReference "firebase-ios-sdk" */;
			productName = FirebaseDatabase;
		};
		FEDC4299273C94E90065E841 /* FirebaseDatabaseSwift-Beta */ = {
			isa = XCSwiftPackageProductDependency;
			package = FEDC4296273C94E90065E841 /* XCRemoteSwiftPackageReference "firebase-ios-sdk" */;
			productName = "FirebaseDatabaseSwift-Beta";
		};
		FEDC429B273C94E90065E841 /* FirebaseFirestoreSwift-Beta */ = {
			isa = XCSwiftPackageProductDependency;
			package = FEDC4296273C94E90065E841 /* XCRemoteSwiftPackageReference "firebase-ios-sdk" */;
			productName = "FirebaseFirestoreSwift-Beta";
		};
		FEDC429D273C94E90065E841 /* FirebaseFunctionsCombine-Community */ = {
			isa = XCSwiftPackageProductDependency;
			package = FEDC4296273C94E90065E841 /* XCRemoteSwiftPackageReference "firebase-ios-sdk" */;
			productName = "FirebaseFunctionsCombine-Community";
		};
/* End XCSwiftPackageProductDependency section */
	};
	rootObject = FEDC425F273C794D0065E841 /* Project object */;
}
